
Microsoft Visual Studio Solution File, Format Version 12.00
# Visual Studio Version 17
VisualStudioVersion = 17.0.31919.166
MinimumVisualStudioVersion = 10.0.40219.1
Project("{9A19103F-16F7-4668-BE54-9A1E7A4F7556}") = "ThreeCS.TestOut.Core", "ThreeCS.TestOut.Core\ThreeCS.TestOut.Core.csproj", "{E7DDD6AD-66A4-44CD-8E33-EBE14C0DD03B}"
EndProject
Project("{9A19103F-16F7-4668-BE54-9A1E7A4F7556}") = "ThreeCS.TestOut.NUnit", "ThreeCS.TestOut.NUnit\ThreeCS.TestOut.NUnit.csproj", "{82D0FEA1-5BDB-4397-992B-138F11D6CFF4}"
EndProject
Project("{9A19103F-16F7-4668-BE54-9A1E7A4F7556}") = "ThreeCS.TestOut.Console", "ThreeCS.TestOut.Console\ThreeCS.TestOut.Console.csproj", "{D48F374F-81EA-4C18-8291-7BBDF89CCE0C}"
	ProjectSection(ProjectDependencies) = postProject
		{B12FD0A7-6C6A-400F-B58E-3C31EFF25E7F} = {B12FD0A7-6C6A-400F-B58E-3C31EFF25E7F}
	EndProjectSection
EndProject
Project("{9A19103F-16F7-4668-BE54-9A1E7A4F7556}") = "SampleTests", "SampleTests\SampleTests.csproj", "{69719567-9366-4C8B-824D-1116EBA181F9}"
EndProject
Project("{FAE04EC0-301F-11D3-BF4B-00C04F79EFBC}") = "Sample.FrameworkTests", "Sample.FrameworkTests\Sample.FrameworkTests.csproj", "{B12FD0A7-6C6A-400F-B58E-3C31EFF25E7F}"
EndProject
Project("{9A19103F-16F7-4668-BE54-9A1E7A4F7556}") = "ThreeCS.TestOut.Trx", "ThreeCS.TestOut.Trx\ThreeCS.TestOut.Trx.csproj", "{00E4E2E1-1492-4318-9D98-3DD260F6860E}"
EndProject
Project("{9A19103F-16F7-4668-BE54-9A1E7A4F7556}") = "ThreeCS.TestOut.Core.Tests", "ThreeCS.TestOut.Core.Tests\ThreeCS.TestOut.Core.Tests.csproj", "{B40FED61-3294-468B-9278-19214CDAD706}"
EndProject
Project("{FAE04EC0-301F-11D3-BF4B-00C04F79EFBC}") = "ThreeCS.TestOut.CommandInvoker", "ThreeCS.TestOut.CommandInvoker\ThreeCS.TestOut.CommandInvoker.csproj", "{AEE5B8C7-C7DC-4186-A70F-8AE7775BEDB8}"
EndProject
Project("{FAE04EC0-301F-11D3-BF4B-00C04F79EFBC}") = "ThreeCS.TestOut.Console.Tests", "ThreeCS.TestOut.Console.Tests\ThreeCS.TestOut.Console.Tests.csproj", "{CE0B6E39-2485-425D-92FB-3EDAC7FF5F99}"
EndProject
Global
	GlobalSection(SolutionConfigurationPlatforms) = preSolution
		Debug|Any CPU = Debug|Any CPU
		Release|Any CPU = Release|Any CPU
	EndGlobalSection
	GlobalSection(ProjectConfigurationPlatforms) = postSolution
		{E7DDD6AD-66A4-44CD-8E33-EBE14C0DD03B}.Debug|Any CPU.ActiveCfg = Debug|Any CPU
		{E7DDD6AD-66A4-44CD-8E33-EBE14C0DD03B}.Debug|Any CPU.Build.0 = Debug|Any CPU
		{E7DDD6AD-66A4-44CD-8E33-EBE14C0DD03B}.Release|Any CPU.ActiveCfg = Release|Any CPU
		{E7DDD6AD-66A4-44CD-8E33-EBE14C0DD03B}.Release|Any CPU.Build.0 = Release|Any CPU
		{82D0FEA1-5BDB-4397-992B-138F11D6CFF4}.Debug|Any CPU.ActiveCfg = Debug|Any CPU
		{82D0FEA1-5BDB-4397-992B-138F11D6CFF4}.Debug|Any CPU.Build.0 = Debug|Any CPU
		{82D0FEA1-5BDB-4397-992B-138F11D6CFF4}.Release|Any CPU.ActiveCfg = Release|Any CPU
		{82D0FEA1-5BDB-4397-992B-138F11D6CFF4}.Release|Any CPU.Build.0 = Release|Any CPU
		{D48F374F-81EA-4C18-8291-7BBDF89CCE0C}.Debug|Any CPU.ActiveCfg = Debug|Any CPU
		{D48F374F-81EA-4C18-8291-7BBDF89CCE0C}.Debug|Any CPU.Build.0 = Debug|Any CPU
		{D48F374F-81EA-4C18-8291-7BBDF89CCE0C}.Release|Any CPU.ActiveCfg = Release|Any CPU
		{D48F374F-81EA-4C18-8291-7BBDF89CCE0C}.Release|Any CPU.Build.0 = Release|Any CPU
		{69719567-9366-4C8B-824D-1116EBA181F9}.Debug|Any CPU.ActiveCfg = Debug|Any CPU
		{69719567-9366-4C8B-824D-1116EBA181F9}.Debug|Any CPU.Build.0 = Debug|Any CPU
		{69719567-9366-4C8B-824D-1116EBA181F9}.Release|Any CPU.ActiveCfg = Release|Any CPU
		{69719567-9366-4C8B-824D-1116EBA181F9}.Release|Any CPU.Build.0 = Release|Any CPU
		{B12FD0A7-6C6A-400F-B58E-3C31EFF25E7F}.Debug|Any CPU.ActiveCfg = Debug|Any CPU
		{B12FD0A7-6C6A-400F-B58E-3C31EFF25E7F}.Debug|Any CPU.Build.0 = Debug|Any CPU
		{B12FD0A7-6C6A-400F-B58E-3C31EFF25E7F}.Release|Any CPU.ActiveCfg = Release|Any CPU
		{B12FD0A7-6C6A-400F-B58E-3C31EFF25E7F}.Release|Any CPU.Build.0 = Release|Any CPU
		{00E4E2E1-1492-4318-9D98-3DD260F6860E}.Debug|Any CPU.ActiveCfg = Debug|Any CPU
		{00E4E2E1-1492-4318-9D98-3DD260F6860E}.Debug|Any CPU.Build.0 = Debug|Any CPU
		{00E4E2E1-1492-4318-9D98-3DD260F6860E}.Release|Any CPU.ActiveCfg = Release|Any CPU
		{00E4E2E1-1492-4318-9D98-3DD260F6860E}.Release|Any CPU.Build.0 = Release|Any CPU
		{B40FED61-3294-468B-9278-19214CDAD706}.Debug|Any CPU.ActiveCfg = Debug|Any CPU
		{B40FED61-3294-468B-9278-19214CDAD706}.Debug|Any CPU.Build.0 = Debug|Any CPU
		{B40FED61-3294-468B-9278-19214CDAD706}.Release|Any CPU.ActiveCfg = Release|Any CPU
		{B40FED61-3294-468B-9278-19214CDAD706}.Release|Any CPU.Build.0 = Release|Any CPU
		{AEE5B8C7-C7DC-4186-A70F-8AE7775BEDB8}.Debug|Any CPU.ActiveCfg = Debug|Any CPU
		{AEE5B8C7-C7DC-4186-A70F-8AE7775BEDB8}.Debug|Any CPU.Build.0 = Debug|Any CPU
		{AEE5B8C7-C7DC-4186-A70F-8AE7775BEDB8}.Release|Any CPU.ActiveCfg = Release|Any CPU
		{AEE5B8C7-C7DC-4186-A70F-8AE7775BEDB8}.Release|Any CPU.Build.0 = Release|Any CPU
		{CE0B6E39-2485-425D-92FB-3EDAC7FF5F99}.Debug|Any CPU.ActiveCfg = Debug|Any CPU
		{CE0B6E39-2485-425D-92FB-3EDAC7FF5F99}.Debug|Any CPU.Build.0 = Debug|Any CPU
		{CE0B6E39-2485-425D-92FB-3EDAC7FF5F99}.Release|Any CPU.ActiveCfg = Release|Any CPU
		{CE0B6E39-2485-425D-92FB-3EDAC7FF5F99}.Release|Any CPU.Build.0 = Release|Any CPU
	EndGlobalSection
	GlobalSection(SolutionProperties) = preSolution
		HideSolutionNode = FALSE
	EndGlobalSection
	GlobalSection(ExtensibilityGlobals) = postSolution
		SolutionGuid = {C75FD164-4437-49CE-8B00-D4C94AA55A5C}
	EndGlobalSection
EndGlobal
